
Microsoft Visual Studio Solution File, Format Version 12.00
# Visual Studio Version 16
VisualStudioVersion = 16.0.30225.117
MinimumVisualStudioVersion = 10.0.40219.1
Project("{9A19103F-16F7-4668-BE54-9A1E7A4F7556}") = "ControlAlumnos", "ControlAlumnos.csproj", "{A3983C42-95A8-4CBB-8458-481B9C9A5B08}"
EndProject
Global
	GlobalSection(SolutionConfigurationPlatforms) = preSolution
		Debug|Any CPU = Debug|Any CPU
		Release|Any CPU = Release|Any CPU
	EndGlobalSection
	GlobalSection(ProjectConfigurationPlatforms) = postSolution
		{A3983C42-95A8-4CBB-8458-481B9C9A5B08}.Debug|Any CPU.ActiveCfg = Debug|Any CPU
		{A3983C42-95A8-4CBB-8458-481B9C9A5B08}.Debug|Any CPU.Build.0 = Debug|Any CPU
		{A3983C42-95A8-4CBB-8458-481B9C9A5B08}.Release|Any CPU.ActiveCfg = Release|Any CPU
		{A3983C42-95A8-4CBB-8458-481B9C9A5B08}.Release|Any CPU.Build.0 = Release|Any CPU
	EndGlobalSection
	GlobalSection(SolutionProperties) = preSolution
		HideSolutionNode = FALSE
	EndGlobalSection
	GlobalSection(ExtensibilityGlobals) = postSolution
		SolutionGuid = {C58317E8-3A75-442E-94BC-74FA5C897117}
	EndGlobalSection
EndGlobal
